
Microsoft Visual Studio Solution File, Format Version 12.00
# Visual Studio Version 17
VisualStudioVersion = 17.13.35913.81 d17.13
MinimumVisualStudioVersion = 10.0.40219.1
Project("{FAE04EC0-301F-11D3-BF4B-00C04F79EFBC}") = "TallinnaRakenduslikColllegeTARpe24_ChristoferKrabbi", "TallinnaRakenduslikColllegeTARpe24_ChristoferKrabbi.csproj", "{3D253FE1-EDD6-4404-84CF-52FADAA53DCA}"
EndProject
Global
	GlobalSection(SolutionConfigurationPlatforms) = preSolution
		Debug|Any CPU = Debug|Any CPU
		Release|Any CPU = Release|Any CPU
	EndGlobalSection
	GlobalSection(ProjectConfigurationPlatforms) = postSolution
		{3D253FE1-EDD6-4404-84CF-52FADAA53DCA}.Debug|Any CPU.ActiveCfg = Debug|Any CPU
		{3D253FE1-EDD6-4404-84CF-52FADAA53DCA}.Debug|Any CPU.Build.0 = Debug|Any CPU
		{3D253FE1-EDD6-4404-84CF-52FADAA53DCA}.Release|Any CPU.ActiveCfg = Release|Any CPU
		{3D253FE1-EDD6-4404-84CF-52FADAA53DCA}.Release|Any CPU.Build.0 = Release|Any CPU
	EndGlobalSection
	GlobalSection(SolutionProperties) = preSolution
		HideSolutionNode = FALSE
	EndGlobalSection
	GlobalSection(ExtensibilityGlobals) = postSolution
		SolutionGuid = {94FDBAB8-BD11-4E62-80C5-D53686F21BD8}
	EndGlobalSection
EndGlobal
